
Microsoft Visual Studio Solution File, Format Version 12.00
# Visual Studio Version 16
VisualStudioVersion = 16.0.31410.357
MinimumVisualStudioVersion = 10.0.40219.1
Project("{2150E333-8FDC-42A3-9474-1A3956D46DE8}") = "Application", "Application", "{03EF1B30-1CC7-4262-A7B3-2EE471EA8B8C}"
EndProject
Project("{2150E333-8FDC-42A3-9474-1A3956D46DE8}") = "Data", "Data", "{DA7B29BE-88C3-4468-A73C-F7259EA3260B}"
EndProject
Project("{2150E333-8FDC-42A3-9474-1A3956D46DE8}") = "Domain", "Domain", "{372D46A2-A7B2-44A3-B479-D213D682BF5E}"
EndProject
Project("{2150E333-8FDC-42A3-9474-1A3956D46DE8}") = "Presentation", "Presentation", "{861F8C9E-E094-4995-B33F-74A13E25B820}"
EndProject
Project("{2150E333-8FDC-42A3-9474-1A3956D46DE8}") = "IOC", "IOC", "{5B821B8B-9D3E-4DE6-97B8-09DF8825901D}"
EndProject
Project("{9A19103F-16F7-4668-BE54-9A1E7A4F7556}") = "Application", "Application\Application.csproj", "{287F80F7-0F69-450A-AACA-8E611E9C623E}"
EndProject
Project("{9A19103F-16F7-4668-BE54-9A1E7A4F7556}") = "Data", "Data\Data.csproj", "{0A160C8C-1F3D-4F0C-912F-FF45D501D3F9}"
EndProject
Project("{9A19103F-16F7-4668-BE54-9A1E7A4F7556}") = "Domain", "Domain\Domain.csproj", "{D1502DED-F473-4555-B606-82D2BF1F48C9}"
EndProject
Project("{9A19103F-16F7-4668-BE54-9A1E7A4F7556}") = "IOC", "IOC\IOC.csproj", "{D125DD98-6A82-405D-A0AE-8FAFBF792BBA}"
EndProject
Project("{9A19103F-16F7-4668-BE54-9A1E7A4F7556}") = "MVC", "MVC\MVC.csproj", "{9D7213C1-2B88-4369-BFAA-096633DB158B}"
EndProject
Project("{2150E333-8FDC-42A3-9474-1A3956D46DE8}") = "Tests", "Tests", "{4B6F45F9-4A14-472C-90AE-551515367DBB}"
EndProject
Project("{9A19103F-16F7-4668-BE54-9A1E7A4F7556}") = "Data.test", "Data.test\Data.test.csproj", "{38E8A9B8-5495-4640-8468-91992FBE739B}"
EndProject
Project("{2150E333-8FDC-42A3-9474-1A3956D46DE8}") = "PersianTranlate", "PersianTranlate", "{F474282D-4BB7-4244-BEEC-85BF3A383406}"
EndProject
Project("{9A19103F-16F7-4668-BE54-9A1E7A4F7556}") = "TranslatePersian", "TranslatePersian\TranslatePersian.csproj", "{0D35FA52-5AE2-41DE-BA8D-31ABB667B1D7}"
EndProject
Global
	GlobalSection(SolutionConfigurationPlatforms) = preSolution
		Debug|Any CPU = Debug|Any CPU
		Release|Any CPU = Release|Any CPU
	EndGlobalSection
	GlobalSection(ProjectConfigurationPlatforms) = postSolution
		{287F80F7-0F69-450A-AACA-8E611E9C623E}.Debug|Any CPU.ActiveCfg = Debug|Any CPU
		{287F80F7-0F69-450A-AACA-8E611E9C623E}.Debug|Any CPU.Build.0 = Debug|Any CPU
		{287F80F7-0F69-450A-AACA-8E611E9C623E}.Release|Any CPU.ActiveCfg = Release|Any CPU
		{287F80F7-0F69-450A-AACA-8E611E9C623E}.Release|Any CPU.Build.0 = Release|Any CPU
		{0A160C8C-1F3D-4F0C-912F-FF45D501D3F9}.Debug|Any CPU.ActiveCfg = Debug|Any CPU
		{0A160C8C-1F3D-4F0C-912F-FF45D501D3F9}.Debug|Any CPU.Build.0 = Debug|Any CPU
		{0A160C8C-1F3D-4F0C-912F-FF45D501D3F9}.Release|Any CPU.ActiveCfg = Release|Any CPU
		{0A160C8C-1F3D-4F0C-912F-FF45D501D3F9}.Release|Any CPU.Build.0 = Release|Any CPU
		{D1502DED-F473-4555-B606-82D2BF1F48C9}.Debug|Any CPU.ActiveCfg = Debug|Any CPU
		{D1502DED-F473-4555-B606-82D2BF1F48C9}.Debug|Any CPU.Build.0 = Debug|Any CPU
		{D1502DED-F473-4555-B606-82D2BF1F48C9}.Release|Any CPU.ActiveCfg = Release|Any CPU
		{D1502DED-F473-4555-B606-82D2BF1F48C9}.Release|Any CPU.Build.0 = Release|Any CPU
		{D125DD98-6A82-405D-A0AE-8FAFBF792BBA}.Debug|Any CPU.ActiveCfg = Debug|Any CPU
		{D125DD98-6A82-405D-A0AE-8FAFBF792BBA}.Debug|Any CPU.Build.0 = Debug|Any CPU
		{D125DD98-6A82-405D-A0AE-8FAFBF792BBA}.Release|Any CPU.ActiveCfg = Release|Any CPU
		{D125DD98-6A82-405D-A0AE-8FAFBF792BBA}.Release|Any CPU.Build.0 = Release|Any CPU
		{9D7213C1-2B88-4369-BFAA-096633DB158B}.Debug|Any CPU.ActiveCfg = Debug|Any CPU
		{9D7213C1-2B88-4369-BFAA-096633DB158B}.Debug|Any CPU.Build.0 = Debug|Any CPU
		{9D7213C1-2B88-4369-BFAA-096633DB158B}.Release|Any CPU.ActiveCfg = Release|Any CPU
		{9D7213C1-2B88-4369-BFAA-096633DB158B}.Release|Any CPU.Build.0 = Release|Any CPU
		{38E8A9B8-5495-4640-8468-91992FBE739B}.Debug|Any CPU.ActiveCfg = Debug|Any CPU
		{38E8A9B8-5495-4640-8468-91992FBE739B}.Debug|Any CPU.Build.0 = Debug|Any CPU
		{38E8A9B8-5495-4640-8468-91992FBE739B}.Release|Any CPU.ActiveCfg = Release|Any CPU
		{38E8A9B8-5495-4640-8468-91992FBE739B}.Release|Any CPU.Build.0 = Release|Any CPU
		{0D35FA52-5AE2-41DE-BA8D-31ABB667B1D7}.Debug|Any CPU.ActiveCfg = Debug|Any CPU
		{0D35FA52-5AE2-41DE-BA8D-31ABB667B1D7}.Debug|Any CPU.Build.0 = Debug|Any CPU
		{0D35FA52-5AE2-41DE-BA8D-31ABB667B1D7}.Release|Any CPU.ActiveCfg = Release|Any CPU
		{0D35FA52-5AE2-41DE-BA8D-31ABB667B1D7}.Release|Any CPU.Build.0 = Release|Any CPU
	EndGlobalSection
	GlobalSection(SolutionProperties) = preSolution
		HideSolutionNode = FALSE
	EndGlobalSection
	GlobalSection(NestedProjects) = preSolution
		{287F80F7-0F69-450A-AACA-8E611E9C623E} = {03EF1B30-1CC7-4262-A7B3-2EE471EA8B8C}
		{0A160C8C-1F3D-4F0C-912F-FF45D501D3F9} = {DA7B29BE-88C3-4468-A73C-F7259EA3260B}
		{D1502DED-F473-4555-B606-82D2BF1F48C9} = {372D46A2-A7B2-44A3-B479-D213D682BF5E}
		{D125DD98-6A82-405D-A0AE-8FAFBF792BBA} = {5B821B8B-9D3E-4DE6-97B8-09DF8825901D}
		{9D7213C1-2B88-4369-BFAA-096633DB158B} = {861F8C9E-E094-4995-B33F-74A13E25B820}
		{38E8A9B8-5495-4640-8468-91992FBE739B} = {4B6F45F9-4A14-472C-90AE-551515367DBB}
		{0D35FA52-5AE2-41DE-BA8D-31ABB667B1D7} = {F474282D-4BB7-4244-BEEC-85BF3A383406}
	EndGlobalSection
	GlobalSection(ExtensibilityGlobals) = postSolution
		SolutionGuid = {C8111087-6348-4AEA-BC87-F858DE8BC1FA}
	EndGlobalSection
EndGlobal
